// !$*UTF8*$!
{
	archiveVersion = 1;
	classes = {
	};
	objectVersion = 46;
	objects = {

/* Begin PBXBuildFile section */
		1822B0661DED11F0000A0385 /* main.m in Sources */ = {isa = PBXBuildFile; fileRef = 1822B0651DED11F0000A0385 /* main.m */; };
		1822B0691DED11F0000A0385 /* AppDelegate.m in Sources */ = {isa = PBXBuildFile; fileRef = 1822B0681DED11F0000A0385 /* AppDelegate.m */; };
		1822B06C1DED11F0000A0385 /* ViewController.m in Sources */ = {isa = PBXBuildFile; fileRef = 1822B06B1DED11F0000A0385 /* ViewController.m */; };
		1822B06F1DED11F0000A0385 /* Main.storyboard in Resources */ = {isa = PBXBuildFile; fileRef = 1822B06D1DED11F0000A0385 /* Main.storyboard */; };
		1822B0711DED11F0000A0385 /* Assets.xcassets in Resources */ = {isa = PBXBuildFile; fileRef = 1822B0701DED11F0000A0385 /* Assets.xcassets */; };
		1822B0741DED11F0000A0385 /* LaunchScreen.storyboard in Resources */ = {isa = PBXBuildFile; fileRef = 1822B0721DED11F0000A0385 /* LaunchScreen.storyboard */; };
		1822B07F1DED11F1000A0385 /* THDatePickerViewTests.m in Sources */ = {isa = PBXBuildFile; fileRef = 1822B07E1DED11F1000A0385 /* THDatePickerViewTests.m */; };
		1822B08A1DED11F1000A0385 /* THDatePickerViewUITests.m in Sources */ = {isa = PBXBuildFile; fileRef = 1822B0891DED11F1000A0385 /* THDatePickerViewUITests.m */; };
		1822B0991DED1231000A0385 /* THDatePickerView.m in Sources */ = {isa = PBXBuildFile; fileRef = 1822B0981DED1231000A0385 /* THDatePickerView.m */; };
/* End PBXBuildFile section */

/* Begin PBXContainerItemProxy section */
		1822B07B1DED11F1000A0385 /* PBXContainerItemProxy */ = {
			isa = PBXContainerItemProxy;
			containerPortal = 1822B0591DED11F0000A0385 /* Project object */;
			proxyType = 1;
			remoteGlobalIDString = 1822B0601DED11F0000A0385;
			remoteInfo = THDatePickerView;
		};
		1822B0861DED11F1000A0385 /* PBXContainerItemProxy */ = {
			isa = PBXContainerItemProxy;
			containerPortal = 1822B0591DED11F0000A0385 /* Project object */;
			proxyType = 1;
			remoteGlobalIDString = 1822B0601DED11F0000A0385;
			remoteInfo = THDatePickerView;
		};
/* End PBXContainerItemProxy section */

/* Begin PBXFileReference section */
		1822B0611DED11F0000A0385 /* THDatePickerView.app */ = {isa = PBXFileReference; explicitFileType = wrapper.application; includeInIndex = 0; path = THDatePickerView.app; sourceTree = BUILT_PRODUCTS_DIR; };
		1822B0651DED11F0000A0385 /* main.m */ = {isa = PBXFileReference; lastKnownFileType = sourcecode.c.objc; path = main.m; sourceTree = "<group>"; };
		1822B0671DED11F0000A0385 /* AppDelegate.h */ = {isa = PBXFileReference; lastKnownFileType = sourcecode.c.h; path = AppDelegate.h; sourceTree = "<group>"; };
		1822B0681DED11F0000A0385 /* AppDelegate.m */ = {isa = PBXFileReference; lastKnownFileType = sourcecode.c.objc; path = AppDelegate.m; sourceTree = "<group>"; };
		1822B06A1DED11F0000A0385 /* ViewController.h */ = {isa = PBXFileReference; lastKnownFileType = sourcecode.c.h; path = ViewController.h; sourceTree = "<group>"; };
		1822B06B1DED11F0000A0385 /* ViewController.m */ = {isa = PBXFileReference; lastKnownFileType = sourcecode.c.objc; path = ViewController.m; sourceTree = "<group>"; };
		1822B06E1DED11F0000A0385 /* Base */ = {isa = PBXFileReference; lastKnownFileType = file.storyboard; name = Base; path = Base.lproj/Main.storyboard; sourceTree = "<group>"; };
		1822B0701DED11F0000A0385 /* Assets.xcassets */ = {isa = PBXFileReference; lastKnownFileType = folder.assetcatalog; path = Assets.xcassets; sourceTree = "<group>"; };
		1822B0731DED11F0000A0385 /* Base */ = {isa = PBXFileReference; lastKnownFileType = file.storyboard; name = Base; path = Base.lproj/LaunchScreen.storyboard; sourceTree = "<group>"; };
		1822B0751DED11F0000A0385 /* Info.plist */ = {isa = PBXFileReference; lastKnownFileType = text.plist.xml; path = Info.plist; sourceTree = "<group>"; };
		1822B07A1DED11F1000A0385 /* THDatePickerViewTests.xctest */ = {isa = PBXFileReference; explicitFileType = wrapper.cfbundle; includeInIndex = 0; path = THDatePickerViewTests.xctest; sourceTree = BUILT_PRODUCTS_DIR; };
		1822B07E1DED11F1000A0385 /* THDatePickerViewTests.m */ = {isa = PBXFileReference; lastKnownFileType = sourcecode.c.objc; path = THDatePickerViewTests.m; sourceTree = "<group>"; };
		1822B0801DED11F1000A0385 /* Info.plist */ = {isa = PBXFileReference; lastKnownFileType = text.plist.xml; path = Info.plist; sourceTree = "<group>"; };
		1822B0851DED11F1000A0385 /* THDatePickerViewUITests.xctest */ = {isa = PBXFileReference; explicitFileType = wrapper.cfbundle; includeInIndex = 0; path = THDatePickerViewUITests.xctest; sourceTree = BUILT_PRODUCTS_DIR; };
		1822B0891DED11F1000A0385 /* THDatePickerViewUITests.m */ = {isa = PBXFileReference; lastKnownFileType = sourcecode.c.objc; path = THDatePickerViewUITests.m; sourceTree = "<group>"; };
		1822B08B1DED11F1000A0385 /* Info.plist */ = {isa = PBXFileReference; lastKnownFileType = text.plist.xml; path = Info.plist; sourceTree = "<group>"; };
		1822B0971DED1231000A0385 /* THDatePickerView.h */ = {isa = PBXFileReference; fileEncoding = 4; lastKnownFileType = sourcecode.c.h; path = THDatePickerView.h; sourceTree = "<group>"; };
		1822B0981DED1231000A0385 /* THDatePickerView.m */ = {isa = PBXFileReference; fileEncoding = 4; lastKnownFileType = sourcecode.c.objc; path = THDatePickerView.m; sourceTree = "<group>"; };
/* End PBXFileReference section */

/* Begin PBXFrameworksBuildPhase section */
		1822B05E1DED11F0000A0385 /* Frameworks */ = {
			isa = PBXFrameworksBuildPhase;
			buildActionMask = 2147483647;
			files = (
			);
			runOnlyForDeploymentPostprocessing = 0;
		};
		1822B0771DED11F1000A0385 /* Frameworks */ = {
			isa = PBXFrameworksBuildPhase;
			buildActionMask = 2147483647;
			files = (
			);
			runOnlyForDeploymentPostprocessing = 0;
		};
		1822B0821DED11F1000A0385 /* Frameworks */ = {
			isa = PBXFrameworksBuildPhase;
			buildActionMask = 2147483647;
			files = (
			);
			runOnlyForDeploymentPostprocessing = 0;
		};
/* End PBXFrameworksBuildPhase section */

/* Begin PBXGroup section */
		1822B0581DED11F0000A0385 = {
			isa = PBXGroup;
			children = (
				1822B0631DED11F0000A0385 /* THDatePickerView */,
				1822B07D1DED11F1000A0385 /* THDatePickerViewTests */,
				1822B0881DED11F1000A0385 /* THDatePickerViewUITests */,
				1822B0621DED11F0000A0385 /* Products */,
			);
			sourceTree = "<group>";
		};
		1822B0621DED11F0000A0385 /* Products */ = {
			isa = PBXGroup;
			children = (
				1822B0611DED11F0000A0385 /* THDatePickerView.app */,
				1822B07A1DED11F1000A0385 /* THDatePickerViewTests.xctest */,
				1822B0851DED11F1000A0385 /* THDatePickerViewUITests.xctest */,
			);
			name = Products;
			sourceTree = "<group>";
		};
		1822B0631DED11F0000A0385 /* THDatePickerView */ = {
			isa = PBXGroup;
			children = (
				1822B0671DED11F0000A0385 /* AppDelegate.h */,
				1822B0681DED11F0000A0385 /* AppDelegate.m */,
				1822B06A1DED11F0000A0385 /* ViewController.h */,
				1822B06B1DED11F0000A0385 /* ViewController.m */,
				1822B0971DED1231000A0385 /* THDatePickerView.h */,
				1822B0981DED1231000A0385 /* THDatePickerView.m */,
				1822B06D1DED11F0000A0385 /* Main.storyboard */,
				1822B0701DED11F0000A0385 /* Assets.xcassets */,
				1822B0721DED11F0000A0385 /* LaunchScreen.storyboard */,
				1822B0751DED11F0000A0385 /* Info.plist */,
				1822B0641DED11F0000A0385 /* Supporting Files */,
			);
			path = THDatePickerView;
			sourceTree = "<group>";
		};
		1822B0641DED11F0000A0385 /* Supporting Files */ = {
			isa = PBXGroup;
			children = (
				1822B0651DED11F0000A0385 /* main.m */,
			);
			name = "Supporting Files";
			sourceTree = "<group>";
		};
		1822B07D1DED11F1000A0385 /* THDatePickerViewTests */ = {
			isa = PBXGroup;
			children = (
				1822B07E1DED11F1000A0385 /* THDatePickerViewTests.m */,
				1822B0801DED11F1000A0385 /* Info.plist */,
			);
			path = THDatePickerViewTests;
			sourceTree = "<group>";
		};
		1822B0881DED11F1000A0385 /* THDatePickerViewUITests */ = {
			isa = PBXGroup;
			children = (
				1822B0891DED11F1000A0385 /* THDatePickerViewUITests.m */,
				1822B08B1DED11F1000A0385 /* Info.plist */,
			);
			path = THDatePickerViewUITests;
			sourceTree = "<group>";
		};
/* End PBXGroup section */

/* Begin PBXNativeTarget section */
		1822B0601DED11F0000A0385 /* THDatePickerView */ = {
			isa = PBXNativeTarget;
			buildConfigurationList = 1822B08E1DED11F1000A0385 /* Build configuration list for PBXNativeTarget "THDatePickerView" */;
			buildPhases = (
				1822B05D1DED11F0000A0385 /* Sources */,
				1822B05E1DED11F0000A0385 /* Frameworks */,
				1822B05F1DED11F0000A0385 /* Resources */,
			);
			buildRules = (
			);
			dependencies = (
			);
			name = THDatePickerView;
			productName = THDatePickerView;
			productReference = 1822B0611DED11F0000A0385 /* THDatePickerView.app */;
			productType = "com.apple.product-type.application";
		};
		1822B0791DED11F1000A0385 /* THDatePickerViewTests */ = {
			isa = PBXNativeTarget;
			buildConfigurationList = 1822B0911DED11F1000A0385 /* Build configuration list for PBXNativeTarget "THDatePickerViewTests" */;
			buildPhases = (
				1822B0761DED11F1000A0385 /* Sources */,
				1822B0771DED11F1000A0385 /* Frameworks */,
				1822B0781DED11F1000A0385 /* Resources */,
			);
			buildRules = (
			);
			dependencies = (
				1822B07C1DED11F1000A0385 /* PBXTargetDependency */,
			);
			name = THDatePickerViewTests;
			productName = THDatePickerViewTests;
			productReference = 1822B07A1DED11F1000A0385 /* THDatePickerViewTests.xctest */;
			productType = "com.apple.product-type.bundle.unit-test";
		};
		1822B0841DED11F1000A0385 /* THDatePickerViewUITests */ = {
			isa = PBXNativeTarget;
			buildConfigurationList = 1822B0941DED11F1000A0385 /* Build configuration list for PBXNativeTarget "THDatePickerViewUITests" */;
			buildPhases = (
				1822B0811DED11F1000A0385 /* Sources */,
				1822B0821DED11F1000A0385 /* Frameworks */,
				1822B0831DED11F1000A0385 /* Resources */,
			);
			buildRules = (
			);
			dependencies = (
				1822B0871DED11F1000A0385 /* PBXTargetDependency */,
			);
			name = THDatePickerViewUITests;
			productName = THDatePickerViewUITests;
			productReference = 1822B0851DED11F1000A0385 /* THDatePickerViewUITests.xctest */;
			productType = "com.apple.product-type.bundle.ui-testing";
		};
/* End PBXNativeTarget section */

/* Begin PBXProject section */
		1822B0591DED11F0000A0385 /* Project object */ = {
			isa = PBXProject;
			attributes = {
				LastUpgradeCheck = 0810;
				ORGANIZATIONNAME = Apple;
				TargetAttributes = {
					1822B0601DED11F0000A0385 = {
						CreatedOnToolsVersion = 8.1;
						DevelopmentTeam = 9WYPBMZ5L3;
						ProvisioningStyle = Automatic;
					};
					1822B0791DED11F1000A0385 = {
						CreatedOnToolsVersion = 8.1;
						DevelopmentTeam = 9WYPBMZ5L3;
						ProvisioningStyle = Automatic;
						TestTargetID = 1822B0601DED11F0000A0385;
					};
					1822B0841DED11F1000A0385 = {
						CreatedOnToolsVersion = 8.1;
						DevelopmentTeam = 9WYPBMZ5L3;
						ProvisioningStyle = Automatic;
						TestTargetID = 1822B0601DED11F0000A0385;
					};
				};
			};
			buildConfigurationList = 1822B05C1DED11F0000A0385 /* Build configuration list for PBXProject "THDatePickerView" */;
			compatibilityVersion = "Xcode 3.2";
			developmentRegion = English;
			hasScannedForEncodings = 0;
			knownRegions = (
				en,
				Base,
			);
			mainGroup = 1822B0581DED11F0000A0385;
			productRefGroup = 1822B0621DED11F0000A0385 /* Products */;
			projectDirPath = "";
			projectRoot = "";
			targets = (
				1822B0601DED11F0000A0385 /* THDatePickerView */,
				1822B0791DED11F1000A0385 /* THDatePickerViewTests */,
				1822B0841DED11F1000A0385 /* THDatePickerViewUITests */,
			);
		};
/* End PBXProject section */

/* Begin PBXResourcesBuildPhase section */
		1822B05F1DED11F0000A0385 /* Resources */ = {
			isa = PBXResourcesBuildPhase;
			buildActionMask = 2147483647;
			files = (
				1822B0741DED11F0000A0385 /* LaunchScreen.storyboard in Resources */,
				1822B0711DED11F0000A0385 /* Assets.xcassets in Resources */,
				1822B06F1DED11F0000A0385 /* Main.storyboard in Resources */,
			);
			runOnlyForDeploymentPostprocessing = 0;
		};
		1822B0781DED11F1000A0385 /* Resources */ = {
			isa = PBXResourcesBuildPhase;
			buildActionMask = 2147483647;
			files = (
			);
			runOnlyForDeploymentPostprocessing = 0;
		};
		1822B0831DED11F1000A0385 /* Resources */ = {
			isa = PBXResourcesBuildPhase;
			buildActionMask = 2147483647;
			files = (
			);
			runOnlyForDeploymentPostprocessing = 0;
		};
/* End PBXResourcesBuildPhase section */

/* Begin PBXSourcesBuildPhase section */
		1822B05D1DED11F0000A0385 /* Sources */ = {
			isa = PBXSourcesBuildPhase;
			buildActionMask = 2147483647;
			files = (
				1822B0991DED1231000A0385 /* THDatePickerView.m in Sources */,
				1822B06C1DED11F0000A0385 /* ViewController.m in Sources */,
				1822B0691DED11F0000A0385 /* AppDelegate.m in Sources */,
				1822B0661DED11F0000A0385 /* main.m in Sources */,
			);
			runOnlyForDeploymentPostprocessing = 0;
		};
		1822B0761DED11F1000A0385 /* Sources */ = {
			isa = PBXSourcesBuildPhase;
			buildActionMask = 2147483647;
			files = (
				1822B07F1DED11F1000A0385 /* THDatePickerViewTests.m in Sources */,
			);
			runOnlyForDeploymentPostprocessing = 0;
		};
		1822B0811DED11F1000A0385 /* Sources */ = {
			isa = PBXSourcesBuildPhase;
			buildActionMask = 2147483647;
			files = (
				1822B08A1DED11F1000A0385 /* THDatePickerViewUITests.m in Sources */,
			);
			runOnlyForDeploymentPostprocessing = 0;
		};
/* End PBXSourcesBuildPhase section */

/* Begin PBXTargetDependency section */
		1822B07C1DED11F1000A0385 /* PBXTargetDependency */ = {
			isa = PBXTargetDependency;
			target = 1822B0601DED11F0000A0385 /* THDatePickerView */;
			targetProxy = 1822B07B1DED11F1000A0385 /* PBXContainerItemProxy */;
		};
		1822B0871DED11F1000A0385 /* PBXTargetDependency */ = {
			isa = PBXTargetDependency;
			target = 1822B0601DED11F0000A0385 /* THDatePickerView */;
			targetProxy = 1822B0861DED11F1000A0385 /* PBXContainerItemProxy */;
		};
/* End PBXTargetDependency section */

/* Begin PBXVariantGroup section */
		1822B06D1DED11F0000A0385 /* Main.storyboard */ = {
			isa = PBXVariantGroup;
			children = (
				1822B06E1DED11F0000A0385 /* Base */,
			);
			name = Main.storyboard;
			sourceTree = "<group>";
		};
		1822B0721DED11F0000A0385 /* LaunchScreen.storyboard */ = {
			isa = PBXVariantGroup;
			children = (
				1822B0731DED11F0000A0385 /* Base */,
			);
			name = LaunchScreen.storyboard;
			sourceTree = "<group>";
		};
/* End PBXVariantGroup section */

/* Begin XCBuildConfiguration section */
		1822B08C1DED11F1000A0385 /* Debug */ = {
			isa = XCBuildConfiguration;
			buildSettings = {
				ALWAYS_SEARCH_USER_PATHS = NO;
				CLANG_ANALYZER_NONNULL = YES;
				CLANG_CXX_LANGUAGE_STANDARD = "gnu++0x";
				CLANG_CXX_LIBRARY = "libc++";
				CLANG_ENABLE_MODULES = YES;
				CLANG_ENABLE_OBJC_ARC = YES;
				CLANG_WARN_BOOL_CONVERSION = YES;
				CLANG_WARN_CONSTANT_CONVERSION = YES;
				CLANG_WARN_DIRECT_OBJC_ISA_USAGE = YES_ERROR;
				CLANG_WARN_DOCUMENTATION_COMMENTS = YES;
				CLANG_WARN_EMPTY_BODY = YES;
				CLANG_WARN_ENUM_CONVERSION = YES;
				CLANG_WARN_INFINITE_RECURSION = YES;
				CLANG_WARN_INT_CONVERSION = YES;
				CLANG_WARN_OBJC_ROOT_CLASS = YES_ERROR;
				CLANG_WARN_SUSPICIOUS_MOVES = YES;
				CLANG_WARN_UNREACHABLE_CODE = YES;
				CLANG_WARN__DUPLICATE_METHOD_MATCH = YES;
				"CODE_SIGN_IDENTITY[sdk=iphoneos*]" = "iPhone Developer";
				COPY_PHASE_STRIP = NO;
				DEBUG_INFORMATION_FORMAT = dwarf;
				ENABLE_STRICT_OBJC_MSGSEND = YES;
				ENABLE_TESTABILITY = YES;
				GCC_C_LANGUAGE_STANDARD = gnu99;
				GCC_DYNAMIC_NO_PIC = NO;
				GCC_NO_COMMON_BLOCKS = YES;
				GCC_OPTIMIZATION_LEVEL = 0;
				GCC_PREPROCESSOR_DEFINITIONS = (
					"DEBUG=1",
					"$(inherited)",
				);
				GCC_WARN_64_TO_32_BIT_CONVERSION = YES;
				GCC_WARN_ABOUT_RETURN_TYPE = YES_ERROR;
				GCC_WARN_UNDECLARED_SELECTOR = YES;
				GCC_WARN_UNINITIALIZED_AUTOS = YES_AGGRESSIVE;
				GCC_WARN_UNUSED_FUNCTION = YES;
				GCC_WARN_UNUSED_VARIABLE = YES;
				IPHONEOS_DEPLOYMENT_TARGET = 10.1;
				MTL_ENABLE_DEBUG_INFO = YES;
				ONLY_ACTIVE_ARCH = YES;
				SDKROOT = iphoneos;
				TARGETED_DEVICE_FAMILY = "1,2";
			};
			name = Debug;
		};
		1822B08D1DED11F1000A0385 /* Release */ = {
			isa = XCBuildConfiguration;
			buildSettings = {
				ALWAYS_SEARCH_USER_PATHS = NO;
				CLANG_ANALYZER_NONNULL = YES;
				CLANG_CXX_LANGUAGE_STANDARD = "gnu++0x";
				CLANG_CXX_LIBRARY = "libc++";
				CLANG_ENABLE_MODULES = YES;
				CLANG_ENABLE_OBJC_ARC = YES;
				CLANG_WARN_BOOL_CONVERSION = YES;
				CLANG_WARN_CONSTANT_CONVERSION = YES;
				CLANG_WARN_DIRECT_OBJC_ISA_USAGE = YES_ERROR;
				CLANG_WARN_DOCUMENTATION_COMMENTS = YES;
				CLANG_WARN_EMPTY_BODY = YES;
				CLANG_WARN_ENUM_CONVERSION = YES;
				CLANG_WARN_INFINITE_RECURSION = YES;
				CLANG_WARN_INT_CONVERSION = YES;
				CLANG_WARN_OBJC_ROOT_CLASS = YES_ERROR;
				CLANG_WARN_SUSPICIOUS_MOVES = YES;
				CLANG_WARN_UNREACHABLE_CODE = YES;
				CLANG_WARN__DUPLICATE_METHOD_MATCH = YES;
				"CODE_SIGN_IDENTITY[sdk=iphoneos*]" = "iPhone Developer";
				COPY_PHASE_STRIP = NO;
				DEBUG_INFORMATION_FORMAT = "dwarf-with-dsym";
				ENABLE_NS_ASSERTIONS = NO;
				ENABLE_STRICT_OBJC_MSGSEND = YES;
				GCC_C_LANGUAGE_STANDARD = gnu99;
				GCC_NO_COMMON_BLOCKS = YES;
				GCC_WARN_64_TO_32_BIT_CONVERSION = YES;
				GCC_WARN_ABOUT_RETURN_TYPE = YES_ERROR;
				GCC_WARN_UNDECLARED_SELECTOR = YES;
				GCC_WARN_UNINITIALIZED_AUTOS = YES_AGGRESSIVE;
				GCC_WARN_UNUSED_FUNCTION = YES;
				GCC_WARN_UNUSED_VARIABLE = YES;
				IPHONEOS_DEPLOYMENT_TARGET = 10.1;
				MTL_ENABLE_DEBUG_INFO = NO;
				SDKROOT = iphoneos;
				TARGETED_DEVICE_FAMILY = "1,2";
				VALIDATE_PRODUCT = YES;
			};
			name = Release;
		};
		1822B08F1DED11F1000A0385 /* Debug */ = {
			isa = XCBuildConfiguration;
			buildSettings = {
				ASSETCATALOG_COMPILER_APPICON_NAME = AppIcon;
				DEVELOPMENT_TEAM = 9WYPBMZ5L3;
				INFOPLIST_FILE = THDatePickerView/Info.plist;
				LD_RUNPATH_SEARCH_PATHS = "$(inherited) @executable_path/Frameworks";
				PRODUCT_BUNDLE_IDENTIFIER = com.huipin.THDatePickerView;
				PRODUCT_NAME = "$(TARGET_NAME)";
			};
			name = Debug;
		};
		1822B0901DED11F1000A0385 /* Release */ = {
			isa = XCBuildConfiguration;
			buildSettings = {
				ASSETCATALOG_COMPILER_APPICON_NAME = AppIcon;
				DEVELOPMENT_TEAM = 9WYPBMZ5L3;
				INFOPLIST_FILE = THDatePickerView/Info.plist;
				LD_RUNPATH_SEARCH_PATHS = "$(inherited) @executable_path/Frameworks";
				PRODUCT_BUNDLE_IDENTIFIER = com.huipin.THDatePickerView;
				PRODUCT_NAME = "$(TARGET_NAME)";
			};
			name = Release;
		};
		1822B0921DED11F1000A0385 /* Debug */ = {
			isa = XCBuildConfiguration;
			buildSettings = {
				BUNDLE_LOADER = "$(TEST_HOST)";
				DEVELOPMENT_TEAM = 9WYPBMZ5L3;
				INFOPLIST_FILE = THDatePickerViewTests/Info.plist;
				LD_RUNPATH_SEARCH_PATHS = "$(inherited) @executable_path/Frameworks @loader_path/Frameworks";
				PRODUCT_BUNDLE_IDENTIFIER = com.huipin.THDatePickerViewTests;
				PRODUCT_NAME = "$(TARGET_NAME)";
				TEST_HOST = "$(BUILT_PRODUCTS_DIR)/THDatePickerView.app/THDatePickerView";
			};
			name = Debug;
		};
		1822B0931DED11F1000A0385 /* Release */ = {
			isa = XCBuildConfiguration;
			buildSettings = {
				BUNDLE_LOADER = "$(TEST_HOST)";
				DEVELOPMENT_TEAM = 9WYPBMZ5L3;
				INFOPLIST_FILE = THDatePickerViewTests/Info.plist;
				LD_RUNPATH_SEARCH_PATHS = "$(inherited) @executable_path/Frameworks @loader_path/Frameworks";
				PRODUCT_BUNDLE_IDENTIFIER = com.huipin.THDatePickerViewTests;
				PRODUCT_NAME = "$(TARGET_NAME)";
				TEST_HOST = "$(BUILT_PRODUCTS_DIR)/THDatePickerView.app/THDatePickerView";
			};
			name = Release;
		};
		1822B0951DED11F1000A0385 /* Debug */ = {
			isa = XCBuildConfiguration;
			buildSettings = {
				DEVELOPMENT_TEAM = 9WYPBMZ5L3;
				INFOPLIST_FILE = THDatePickerViewUITests/Info.plist;
				LD_RUNPATH_SEARCH_PATHS = "$(inherited) @executable_path/Frameworks @loader_path/Frameworks";
				PRODUCT_BUNDLE_IDENTIFIER = com.huipin.THDatePickerViewUITests;
				PRODUCT_NAME = "$(TARGET_NAME)";
				TEST_TARGET_NAME = THDatePickerView;
			};
			name = Debug;
		};
		1822B0961DED11F1000A0385 /* Release */ = {
			isa = XCBuildConfiguration;
			buildSettings = {
				DEVELOPMENT_TEAM = 9WYPBMZ5L3;
				INFOPLIST_FILE = THDatePickerViewUITests/Info.plist;
				LD_RUNPATH_SEARCH_PATHS = "$(inherited) @executable_path/Frameworks @loader_path/Frameworks";
				PRODUCT_BUNDLE_IDENTIFIER = com.huipin.THDatePickerViewUITests;
				PRODUCT_NAME = "$(TARGET_NAME)";
				TEST_TARGET_NAME = THDatePickerView;
			};
			name = Release;
		};
/* End XCBuildConfiguration section */

/* Begin XCConfigurationList section */
		1822B05C1DED11F0000A0385 /* Build configuration list for PBXProject "THDatePickerView" */ = {
			isa = XCConfigurationList;
			buildConfigurations = (
				1822B08C1DED11F1000A0385 /* Debug */,
				1822B08D1DED11F1000A0385 /* Release */,
			);
			defaultConfigurationIsVisible = 0;
			defaultConfigurationName = Release;
		};
		1822B08E1DED11F1000A0385 /* Build configuration list for PBXNativeTarget "THDatePickerView" */ = {
			isa = XCConfigurationList;
			buildConfigurations = (
				1822B08F1DED11F1000A0385 /* Debug */,
				1822B0901DED11F1000A0385 /* Release */,
			);
			defaultConfigurationIsVisible = 0;
		};
		1822B0911DED11F1000A0385 /* Build configuration list for PBXNativeTarget "THDatePickerViewTests" */ = {
			isa = XCConfigurationList;
			buildConfigurations = (
				1822B0921DED11F1000A0385 /* Debug */,
				1822B0931DED11F1000A0385 /* Release */,
			);
			defaultConfigurationIsVisible = 0;
		};
		1822B0941DED11F1000A0385 /* Build configuration list for PBXNativeTarget "THDatePickerViewUITests" */ = {
			isa = XCConfigurationList;
			buildConfigurations = (
				1822B0951DED11F1000A0385 /* Debug */,
				1822B0961DED11F1000A0385 /* Release */,
			);
			defaultConfigurationIsVisible = 0;
		};
/* End XCConfigurationList section */
	};
	rootObject = 1822B0591DED11F0000A0385 /* Project object */;
}
